
Microsoft Visual Studio Solution File, Format Version 12.00
# Visual Studio Version 17
VisualStudioVersion = 17.1.32210.238
MinimumVisualStudioVersion = 10.0.40219.1
Project("{FAE04EC0-301F-11D3-BF4B-00C04F79EFBC}") = "GeometricalCalculator", "GeometricalCalculator\GeometricalCalculator.csproj", "{FD54E27E-4E3A-4913-B960-48BF0E4274EF}"
EndProject
Project("{FAE04EC0-301F-11D3-BF4B-00C04F79EFBC}") = "GeometricalCalcCoreLib", "GeometricalCalcCoreLib\GeometricalCalcCoreLib.csproj", "{A1E38A8B-2F24-4F7B-A9EA-BFCB7DBD2E12}"
EndProject
Global
	GlobalSection(SolutionConfigurationPlatforms) = preSolution
		Debug|Any CPU = Debug|Any CPU
		Release|Any CPU = Release|Any CPU
	EndGlobalSection
	GlobalSection(ProjectConfigurationPlatforms) = postSolution
		{FD54E27E-4E3A-4913-B960-48BF0E4274EF}.Debug|Any CPU.ActiveCfg = Debug|Any CPU
		{FD54E27E-4E3A-4913-B960-48BF0E4274EF}.Debug|Any CPU.Build.0 = Debug|Any CPU
		{FD54E27E-4E3A-4913-B960-48BF0E4274EF}.Release|Any CPU.ActiveCfg = Release|Any CPU
		{FD54E27E-4E3A-4913-B960-48BF0E4274EF}.Release|Any CPU.Build.0 = Release|Any CPU
		{A1E38A8B-2F24-4F7B-A9EA-BFCB7DBD2E12}.Debug|Any CPU.ActiveCfg = Debug|Any CPU
		{A1E38A8B-2F24-4F7B-A9EA-BFCB7DBD2E12}.Debug|Any CPU.Build.0 = Debug|Any CPU
		{A1E38A8B-2F24-4F7B-A9EA-BFCB7DBD2E12}.Release|Any CPU.ActiveCfg = Release|Any CPU
		{A1E38A8B-2F24-4F7B-A9EA-BFCB7DBD2E12}.Release|Any CPU.Build.0 = Release|Any CPU
	EndGlobalSection
	GlobalSection(SolutionProperties) = preSolution
		HideSolutionNode = FALSE
	EndGlobalSection
	GlobalSection(ExtensibilityGlobals) = postSolution
		SolutionGuid = {9963AD53-ADEE-4F66-9A13-30008DEDA2D7}
	EndGlobalSection
EndGlobal
